
Microsoft Visual Studio Solution File, Format Version 12.00
# Visual Studio Version 17
VisualStudioVersion = 17.5.002.0
MinimumVisualStudioVersion = 10.0.40219.1
Project("{9A19103F-16F7-4668-BE54-9A1E7A4F7556}") = "SystemTime", "SystemTime.csproj", "{7D7404F0-0D06-48AD-9C39-36D577CF7F27}"
EndProject
Global
	GlobalSection(SolutionConfigurationPlatforms) = preSolution
		Debug|Any CPU = Debug|Any CPU
		Release|Any CPU = Release|Any CPU
	EndGlobalSection
	GlobalSection(ProjectConfigurationPlatforms) = postSolution
		{7D7404F0-0D06-48AD-9C39-36D577CF7F27}.Debug|Any CPU.ActiveCfg = Debug|Any CPU
		{7D7404F0-0D06-48AD-9C39-36D577CF7F27}.Debug|Any CPU.Build.0 = Debug|Any CPU
		{7D7404F0-0D06-48AD-9C39-36D577CF7F27}.Release|Any CPU.ActiveCfg = Release|Any CPU
		{7D7404F0-0D06-48AD-9C39-36D577CF7F27}.Release|Any CPU.Build.0 = Release|Any CPU
	EndGlobalSection
	GlobalSection(SolutionProperties) = preSolution
		HideSolutionNode = FALSE
	EndGlobalSection
	GlobalSection(ExtensibilityGlobals) = postSolution
		SolutionGuid = {793FC70C-2CD9-4736-B6F1-71B39DB24443}
	EndGlobalSection
EndGlobal
